{
  "version": 4,
  "terraform_version": "1.1.7",
  "serial": 10,
  "lineage": "8bda2861-e0a1-3814-7049-2d6f2e663df1",
  "outputs": {
    "kubernetes_cluster_host": {
      "value": "34.69.224.196",
      "type": "string"
    },
    "kubernetes_cluster_name": {
      "value": "alynum-1-gke",
      "type": "string"
    },
    "project_id": {
      "value": "alynum-1",
      "type": "string"
    },
    "region": {
      "value": "us-central1",
      "type": "string"
    }
  },
  "resources": [
    {
      "mode": "managed",
      "type": "google_compute_network",
      "name": "vpc",
      "provider": "provider[\"registry.terraform.io/hashicorp/google\"]",
      "instances": [
        {
          "schema_version": 0,
          "attributes": {
            "auto_create_subnetworks": false,
            "delete_default_routes_on_create": false,
            "description": "",
            "gateway_ipv4": "",
            "id": "projects/alynum-1/global/networks/alynum-1-vpc",
            "mtu": 0,
            "name": "alynum-1-vpc",
            "project": "alynum-1",
            "routing_mode": "REGIONAL",
            "self_link": "https://www.googleapis.com/compute/v1/projects/alynum-1/global/networks/alynum-1-vpc",
            "timeouts": null
          },
          "sensitive_attributes": [],
          "private": "eyJlMmJmYjczMC1lY2FhLTExZTYtOGY4OC0zNDM2M2JjN2M0YzAiOnsiY3JlYXRlIjoyNDAwMDAwMDAwMDAsImRlbGV0ZSI6MjQwMDAwMDAwMDAwLCJ1cGRhdGUiOjI0MDAwMDAwMDAwMH19"
        }
      ]
    },
    {
      "mode": "managed",
      "type": "google_compute_subnetwork",
      "name": "subnet",
      "provider": "provider[\"registry.terraform.io/hashicorp/google\"]",
      "instances": [
        {
          "schema_version": 0,
          "attributes": {
            "creation_timestamp": "2022-03-11T06:27:54.686-08:00",
            "description": "",
            "fingerprint": null,
            "gateway_address": "10.10.0.1",
            "id": "projects/alynum-1/regions/us-central1/subnetworks/alynum-1-subnet",
            "ip_cidr_range": "10.10.0.0/24",
            "log_config": [],
            "name": "alynum-1-subnet",
            "network": "https://www.googleapis.com/compute/v1/projects/alynum-1/global/networks/alynum-1-vpc",
            "private_ip_google_access": false,
            "private_ipv6_google_access": "DISABLE_GOOGLE_ACCESS",
            "project": "alynum-1",
            "region": "us-central1",
            "secondary_ip_range": [],
            "self_link": "https://www.googleapis.com/compute/v1/projects/alynum-1/regions/us-central1/subnetworks/alynum-1-subnet",
            "timeouts": null
          },
          "sensitive_attributes": [],
          "private": "eyJlMmJmYjczMC1lY2FhLTExZTYtOGY4OC0zNDM2M2JjN2M0YzAiOnsiY3JlYXRlIjozNjAwMDAwMDAwMDAsImRlbGV0ZSI6MzYwMDAwMDAwMDAwLCJ1cGRhdGUiOjM2MDAwMDAwMDAwMH19",
          "dependencies": [
            "google_compute_network.vpc"
          ]
        }
      ]
    },
    {
      "mode": "managed",
      "type": "google_container_cluster",
      "name": "primary",
      "provider": "provider[\"registry.terraform.io/hashicorp/google\"]",
      "instances": [
        {
          "schema_version": 1,
          "attributes": {
            "addons_config": [
              {
                "cloudrun_config": [],
                "horizontal_pod_autoscaling": [],
                "http_load_balancing": [],
                "network_policy_config": [
                  {
                    "disabled": true
                  }
                ]
              }
            ],
            "authenticator_groups_config": [],
            "cluster_autoscaling": [
              {
                "auto_provisioning_defaults": [],
                "enabled": false,
                "resource_limits": []
              }
            ],
            "cluster_ipv4_cidr": "10.12.0.0/14",
            "database_encryption": [
              {
                "key_name": "",
                "state": "DECRYPTED"
              }
            ],
            "default_max_pods_per_node": 110,
            "description": "",
            "enable_binary_authorization": false,
            "enable_intranode_visibility": null,
            "enable_kubernetes_alpha": false,
            "enable_legacy_abac": false,
            "enable_shielded_nodes": false,
            "enable_tpu": null,
            "endpoint": "34.69.224.196",
            "id": "projects/alynum-1/locations/us-central1/clusters/alynum-1-gke",
            "initial_node_count": 1,
            "instance_group_urls": [],
            "ip_allocation_policy": [
              {
                "cluster_ipv4_cidr_block": "10.12.0.0/14",
                "cluster_secondary_range_name": "gke-alynum-1-gke-pods-506c2b09",
                "services_ipv4_cidr_block": "10.16.0.0/20",
                "services_secondary_range_name": "gke-alynum-1-gke-services-506c2b09"
              }
            ],
            "label_fingerprint": "a9dc16a7",
            "location": "us-central1",
            "logging_service": "logging.googleapis.com/kubernetes",
            "maintenance_policy": [],
            "master_auth": [
              {
                "client_certificate": "",
                "client_certificate_config": [
                  {
                    "issue_client_certificate": false
                  }
                ],
                "client_key": "",
                "cluster_ca_certificate": "LS0tLS1CRUdJTiBDRVJUSUZJQ0FURS0tLS0tCk1JSUVMRENDQXBTZ0F3SUJBZ0lRSHRxUVpxQXovRjJRN1A1RDJjdlpDVEFOQmdrcWhraUc5dzBCQVFzRkFEQXYKTVMwd0t3WURWUVFERXlRd1lXTTVObUptTVMweU1XRmtMVFJoTW1ZdFlUaGpZeTB6WmpVMU9XRTNaRFkxWWpBdwpJQmNOTWpJd016RXhNVE16TVRFMldoZ1BNakExTWpBek1ETXhORE14TVRaYU1DOHhMVEFyQmdOVkJBTVRKREJoCll6azJZbVl4TFRJeFlXUXROR0V5WmkxaE9HTmpMVE5tTlRVNVlUZGtOalZpTURDQ0FhSXdEUVlKS29aSWh2Y04KQVFFQkJRQURnZ0dQQURDQ0FZb0NnZ0dCQUt2RmtBTkFFdWx3L29DZjhIeWJBM1BwRExHZU1hMVlmSjRXcit1MAozc0tBdG81OFhyN0haaGNobUxPaUZ6NUhaeEs2eStjWnNVSU8xNFo3c2hLb3NBbTkzMXlidzRCYlBkZEQzcFpFCjQ3MVI3dngzNk5UOGl0U1NWMmIvKzVTRnp1R0xpRmMyMHZTWDBlbjNEajBFcGZrVDE2VXQ2eEIvcnJENkRqWTgKOVY1RVkvYzZBK2pCVWhoL2dOUjFqRWVrR25CN3lMNEExNkhORXpKa1NVN3JrVkhGN0JuRmtGMitnT3VDdDlQQwpHMWtOT214bW0ycEN5OFI0MWd0MmpJWEhzWnhrdWd3cmZjTnJobWxCS1kxL2NvcXV5R3ZkMTl4Z2Z2UHpoUTN3CmVyZUhMUHZLT0hGMkplTkRwVEVXS2ZTWXMrWkVSS0VyQWwxMlNpRVNhclp0alpTSWsxT3E2NFFhU0FhODNlcEwKVzVlcXBPTlI0dmdHL2VSQkpiNXpvcGRrOWgwMExhVVBSSFF3a2NyQ1RVY3ZJZ1IraXlnNk4vSHJCKzQrOGZZdgpkR0N1NkVZMzhWR3lUNDkwRkJ2Z3A2UmlWc0tzeFdoYjBaTEg4M1plZDFPM3luSHpnVGRxbWsveGd5eUdLUzV2Cm9vRVdzVGUzaENFNFRGY29LQ3hxZmdoY0J3SURBUUFCbzBJd1FEQU9CZ05WSFE4QkFmOEVCQU1DQWdRd0R3WUQKVlIwVEFRSC9CQVV3QXdFQi96QWRCZ05WSFE0RUZnUVU5UjRnV01ONitoN0M4NExtNTI1Y3JwdTdVU1F3RFFZSgpLb1pJaHZjTkFRRUxCUUFEZ2dHQkFHTll6dXpUQjRmMU14TjJmZzhwMjZRQzc2VkdsR1NXRjBBSGJZRFFWekhGCmEzbUZxdDBEWG9nWjE3dlZWYU5SSjhIZHQ2VldOdytZYVF2NTE0ZVlQR2hlSGVNNThWQTN1dEZncEtSWDlZOVEKSklBY2JPWm0rM0NtditvWEpWSDhxT29MQmE0QTlHV3NtMW9wUG1vYThxNE5NSlZuaTRxMEVQUTlKWVhTbXpQMQpXMTBQalY3YWdheTlFanBwKzhzNVN6UkF2ZGRVT2diaFN5UG1FNTVScCt2ZGdlNkJUVGhNNzJMcTkyWDhUOU1yCnRsYUl5dVRiYkxTZkJMVmU3Sk5XcTdqbU1PemdtUlFLV09zVFpmbkxFVjlYbWQ0bEgxbVFSeVdKaTlmVVpDUzQKYWF3M2tNWXQ2TW9RQXB2d1JKWjRIanJDZlFWeUlZUk1wWnE0amJ6SGp4WFlYcGhZd1ZEaWJPSncvMzZ6R01ORwplalFTTVU0TTZwQTlGdGFPVGJWbjVGeE8yakxMdDc4eDNxWXNPY0hFUGdLeW05YWc5K0NvbE9GV3hYaTd2VE0wCjE1TmlHVUdkaVdwVUxnU05keGFaNGM0RndQaUlMZnhwRUxvRlpwaWJWcWlMaFA1RWttSTcxVk5yaTdOc2Yvb00KQ0NLRjN1M2ZqTEV0UHVMVSsxRDJrZz09Ci0tLS0tRU5EIENFUlRJRklDQVRFLS0tLS0K",
                "password": "",
                "username": ""
              }
            ],
            "master_authorized_networks_config": [],
            "master_version": "1.21.6-gke.1503",
            "min_master_version": null,
            "monitoring_service": "monitoring.googleapis.com/kubernetes",
            "name": "alynum-1-gke",
            "network": "projects/alynum-1/global/networks/alynum-1-vpc",
            "network_policy": [
              {
                "enabled": false,
                "provider": "PROVIDER_UNSPECIFIED"
              }
            ],
            "node_config": [],
            "node_locations": [
              "us-central1-b",
              "us-central1-c",
              "us-central1-f"
            ],
            "node_pool": [],
            "node_version": "1.21.6-gke.1503",
            "operation": null,
            "pod_security_policy_config": [],
            "private_cluster_config": [],
            "project": "alynum-1",
            "release_channel": [
              {
                "channel": "REGULAR"
              }
            ],
            "remove_default_node_pool": true,
            "resource_labels": null,
            "resource_usage_export_config": [],
            "self_link": "https://container.googleapis.com/v1beta1/projects/alynum-1/locations/us-central1/clusters/alynum-1-gke",
            "services_ipv4_cidr": "10.16.0.0/20",
            "subnetwork": "projects/alynum-1/regions/us-central1/subnetworks/alynum-1-subnet",
            "timeouts": null,
            "vertical_pod_autoscaling": [],
            "workload_identity_config": []
          },
          "sensitive_attributes": [],
          "private": "eyJlMmJmYjczMC1lY2FhLTExZTYtOGY4OC0zNDM2M2JjN2M0YzAiOnsiY3JlYXRlIjoyNDAwMDAwMDAwMDAwLCJkZWxldGUiOjI0MDAwMDAwMDAwMDAsInJlYWQiOjI0MDAwMDAwMDAwMDAsInVwZGF0ZSI6MzYwMDAwMDAwMDAwMH0sInNjaGVtYV92ZXJzaW9uIjoiMSJ9",
          "dependencies": [
            "google_compute_network.vpc",
            "google_compute_subnetwork.subnet"
          ]
        }
      ]
    },
    {
      "mode": "managed",
      "type": "google_container_node_pool",
      "name": "primary_nodes",
      "provider": "provider[\"registry.terraform.io/hashicorp/google\"]",
      "instances": [
        {
          "schema_version": 1,
          "attributes": {
            "autoscaling": [],
            "cluster": "alynum-1-gke",
            "id": "projects/alynum-1/locations/us-central1/clusters/alynum-1-gke/nodePools/alynum-1-gke-node-pool",
            "initial_node_count": 2,
            "instance_group_urls": [
              "https://www.googleapis.com/compute/v1/projects/alynum-1/zones/us-central1-c/instanceGroupManagers/gke-alynum-1-gke-alynum-1-gke-node-po-49b3501e-grp",
              "https://www.googleapis.com/compute/v1/projects/alynum-1/zones/us-central1-b/instanceGroupManagers/gke-alynum-1-gke-alynum-1-gke-node-po-2eb7f1d2-grp",
              "https://www.googleapis.com/compute/v1/projects/alynum-1/zones/us-central1-f/instanceGroupManagers/gke-alynum-1-gke-alynum-1-gke-node-po-516d706b-grp"
            ],
            "location": "us-central1",
            "management": [
              {
                "auto_repair": true,
                "auto_upgrade": true
              }
            ],
            "max_pods_per_node": 110,
            "name": "alynum-1-gke-node-pool",
            "name_prefix": "",
            "node_config": [
              {
                "disk_size_gb": 100,
                "disk_type": "pd-standard",
                "guest_accelerator": [],
                "image_type": "COS_CONTAINERD",
                "labels": {
                  "env": "alynum-1"
                },
                "local_ssd_count": 0,
                "machine_type": "n1-standard-1",
                "metadata": {
                  "disable-legacy-endpoints": "true"
                },
                "min_cpu_platform": "",
                "oauth_scopes": [
                  "https://www.googleapis.com/auth/logging.write",
                  "https://www.googleapis.com/auth/monitoring"
                ],
                "preemptible": false,
                "service_account": "default",
                "shielded_instance_config": [
                  {
                    "enable_integrity_monitoring": true,
                    "enable_secure_boot": false
                  }
                ],
                "tags": [
                  "gke-node",
                  "alynum-1-gke"
                ],
                "taint": [],
                "workload_metadata_config": []
              }
            ],
            "node_count": 2,
            "node_locations": [
              "us-central1-b",
              "us-central1-c",
              "us-central1-f"
            ],
            "project": "alynum-1",
            "timeouts": null,
            "upgrade_settings": [
              {
                "max_surge": 1,
                "max_unavailable": 0
              }
            ],
            "version": "1.21.6-gke.1503"
          },
          "sensitive_attributes": [],
          "private": "eyJlMmJmYjczMC1lY2FhLTExZTYtOGY4OC0zNDM2M2JjN2M0YzAiOnsiY3JlYXRlIjoxODAwMDAwMDAwMDAwLCJkZWxldGUiOjE4MDAwMDAwMDAwMDAsInVwZGF0ZSI6MTgwMDAwMDAwMDAwMH0sInNjaGVtYV92ZXJzaW9uIjoiMSJ9",
          "dependencies": [
            "google_compute_network.vpc",
            "google_compute_subnetwork.subnet",
            "google_container_cluster.primary"
          ]
        }
      ]
    }
  ]
}
